
Microsoft Visual Studio Solution File, Format Version 12.00
# Visual Studio Version 16
VisualStudioVersion = 16.0.29230.47
MinimumVisualStudioVersion = 10.0.40219.1
Project("{FAE04EC0-301F-11D3-BF4B-00C04F79EFBC}") = "listaenlazadadecontagiados", "listaenlazadadecontagiados\listaenlazadadecontagiados.csproj", "{549B0251-E9E5-4C51-B92E-77A8FC1DE5EC}"
EndProject
Global
	GlobalSection(SolutionConfigurationPlatforms) = preSolution
		Debug|Any CPU = Debug|Any CPU
		Release|Any CPU = Release|Any CPU
	EndGlobalSection
	GlobalSection(ProjectConfigurationPlatforms) = postSolution
		{549B0251-E9E5-4C51-B92E-77A8FC1DE5EC}.Debug|Any CPU.ActiveCfg = Debug|Any CPU
		{549B0251-E9E5-4C51-B92E-77A8FC1DE5EC}.Debug|Any CPU.Build.0 = Debug|Any CPU
		{549B0251-E9E5-4C51-B92E-77A8FC1DE5EC}.Release|Any CPU.ActiveCfg = Release|Any CPU
		{549B0251-E9E5-4C51-B92E-77A8FC1DE5EC}.Release|Any CPU.Build.0 = Release|Any CPU
	EndGlobalSection
	GlobalSection(SolutionProperties) = preSolution
		HideSolutionNode = FALSE
	EndGlobalSection
	GlobalSection(ExtensibilityGlobals) = postSolution
		SolutionGuid = {14488ECE-CE3D-4FD3-BA32-8F01312B373F}
	EndGlobalSection
EndGlobal
