
Microsoft Visual Studio Solution File, Format Version 12.00
# Visual Studio Version 16
VisualStudioVersion = 16.0.29806.167
MinimumVisualStudioVersion = 10.0.40219.1
Project("{FAE04EC0-301F-11D3-BF4B-00C04F79EFBC}") = "exmane progra e ejer 3", "exmane progra e ejer 3\exmane progra e ejer 3.csproj", "{B7ED6F04-3617-4583-9A32-1EDF607A47AB}"
EndProject
Global
	GlobalSection(SolutionConfigurationPlatforms) = preSolution
		Debug|Any CPU = Debug|Any CPU
		Release|Any CPU = Release|Any CPU
	EndGlobalSection
	GlobalSection(ProjectConfigurationPlatforms) = postSolution
		{B7ED6F04-3617-4583-9A32-1EDF607A47AB}.Debug|Any CPU.ActiveCfg = Debug|Any CPU
		{B7ED6F04-3617-4583-9A32-1EDF607A47AB}.Debug|Any CPU.Build.0 = Debug|Any CPU
		{B7ED6F04-3617-4583-9A32-1EDF607A47AB}.Release|Any CPU.ActiveCfg = Release|Any CPU
		{B7ED6F04-3617-4583-9A32-1EDF607A47AB}.Release|Any CPU.Build.0 = Release|Any CPU
	EndGlobalSection
	GlobalSection(SolutionProperties) = preSolution
		HideSolutionNode = FALSE
	EndGlobalSection
	GlobalSection(ExtensibilityGlobals) = postSolution
		SolutionGuid = {5D3631B4-C566-4EA5-A953-4E670AAF1971}
	EndGlobalSection
EndGlobal
