
Microsoft Visual Studio Solution File, Format Version 12.00
# Visual Studio Version 16
VisualStudioVersion = 16.0.29911.84
MinimumVisualStudioVersion = 10.0.40219.1
Project("{FAE04EC0-301F-11D3-BF4B-00C04F79EFBC}") = "FibonacciRecursivo", "FibonacciRecursivo\FibonacciRecursivo.csproj", "{4CBB93BC-A039-44BE-893F-09EFC01BC098}"
EndProject
Global
	GlobalSection(SolutionConfigurationPlatforms) = preSolution
		Debug|Any CPU = Debug|Any CPU
		Release|Any CPU = Release|Any CPU
	EndGlobalSection
	GlobalSection(ProjectConfigurationPlatforms) = postSolution
		{4CBB93BC-A039-44BE-893F-09EFC01BC098}.Debug|Any CPU.ActiveCfg = Debug|Any CPU
		{4CBB93BC-A039-44BE-893F-09EFC01BC098}.Debug|Any CPU.Build.0 = Debug|Any CPU
		{4CBB93BC-A039-44BE-893F-09EFC01BC098}.Release|Any CPU.ActiveCfg = Release|Any CPU
		{4CBB93BC-A039-44BE-893F-09EFC01BC098}.Release|Any CPU.Build.0 = Release|Any CPU
	EndGlobalSection
	GlobalSection(SolutionProperties) = preSolution
		HideSolutionNode = FALSE
	EndGlobalSection
	GlobalSection(ExtensibilityGlobals) = postSolution
		SolutionGuid = {313FC3E0-6A0F-4390-980E-58E8E2BA6AF2}
	EndGlobalSection
EndGlobal
