
Microsoft Visual Studio Solution File, Format Version 12.00
# Visual Studio Version 16
VisualStudioVersion = 16.0.30128.74
MinimumVisualStudioVersion = 10.0.40219.1
Project("{FAE04EC0-301F-11D3-BF4B-00C04F79EFBC}") = "xmarrin cliente", "xmarrin cliente\xmarrin cliente.csproj", "{381576A3-EFA0-445A-AB44-F4BC860EED49}"
EndProject
Global
	GlobalSection(SolutionConfigurationPlatforms) = preSolution
		Debug|Any CPU = Debug|Any CPU
		Release|Any CPU = Release|Any CPU
	EndGlobalSection
	GlobalSection(ProjectConfigurationPlatforms) = postSolution
		{381576A3-EFA0-445A-AB44-F4BC860EED49}.Debug|Any CPU.ActiveCfg = Debug|Any CPU
		{381576A3-EFA0-445A-AB44-F4BC860EED49}.Debug|Any CPU.Build.0 = Debug|Any CPU
		{381576A3-EFA0-445A-AB44-F4BC860EED49}.Debug|Any CPU.Deploy.0 = Debug|Any CPU
		{381576A3-EFA0-445A-AB44-F4BC860EED49}.Release|Any CPU.ActiveCfg = Release|Any CPU
		{381576A3-EFA0-445A-AB44-F4BC860EED49}.Release|Any CPU.Build.0 = Release|Any CPU
		{381576A3-EFA0-445A-AB44-F4BC860EED49}.Release|Any CPU.Deploy.0 = Release|Any CPU
	EndGlobalSection
	GlobalSection(SolutionProperties) = preSolution
		HideSolutionNode = FALSE
	EndGlobalSection
	GlobalSection(ExtensibilityGlobals) = postSolution
		SolutionGuid = {5F9DD5CA-CE90-45F1-9131-2518D138EDE8}
	EndGlobalSection
EndGlobal
